# @generated - this file is auto-generated by `mise lock` https://mise.en.dev/dev-tools/mise-lock.html

[[tools.1password-cli]]
version = "2.34.0"
backend = "vfox:1password-cli"

[tools.1password-cli."platforms.macos-arm64"]
url = "https://cache.agilebits.com/dist/1P/op2/pkg/v2.34.0/op_darwin_arm64_v2.34.0.zip"

[[tools.aqua]]
version = "2.59.1"
backend = "github:aquaproj/aqua"

[tools.aqua."platforms.macos-arm64"]
checksum = "sha256:8c658418ba81cf2629813d374358f3dfe13c6715d27ccb476baf85c873acc501"
url = "https://github.com/aquaproj/aqua/releases/download/v2.59.1/aqua_darwin_arm64.tar.gz"
url_api = "https://api.github.com/repos/aquaproj/aqua/releases/assets/430610107"
provenance = "github-attestations"

[[tools."aqua:BurntSushi/ripgrep"]]
version = "15.1.0"
backend = "aqua:BurntSushi/ripgrep"

[tools."aqua:BurntSushi/ripgrep"."platforms.macos-arm64"]
checksum = "sha256:378e973289176ca0c6054054ee7f631a065874a352bf43f0fa60ef079b6ba715"
url = "https://github.com/BurntSushi/ripgrep/releases/download/15.1.0/ripgrep-15.1.0-aarch64-apple-darwin.tar.gz"

[[tools."aqua:ClementTsang/bottom"]]
version = "0.14.2"
backend = "aqua:ClementTsang/bottom"

[tools."aqua:ClementTsang/bottom"."platforms.macos-arm64"]
checksum = "sha256:69cdfe0fbf3f3a3efba9f54b9a89f740b24344b4cfa3efb6857a4e76ace8cf6a"
url = "https://github.com/ClementTsang/bottom/releases/download/0.14.2/bottom_aarch64-apple-darwin.tar.gz"
provenance = "github-attestations"

[[tools."aqua:abiosoft/colima"]]
version = "0.10.1"
backend = "aqua:abiosoft/colima"

[tools."aqua:abiosoft/colima"."platforms.macos-arm64"]
checksum = "sha256:cff716570125444d9560e735d8a23ea50e9f70ca722bb9f44ab456c548425ea3"
url = "https://github.com/abiosoft/colima/releases/download/v0.10.1/colima-Darwin-arm64"

[[tools."aqua:ajeetdsouza/zoxide"]]
version = "0.9.9"
backend = "aqua:ajeetdsouza/zoxide"

[tools."aqua:ajeetdsouza/zoxide"."platforms.macos-arm64"]
checksum = "sha256:57e733d0436309dae2ed97e46bba43937209395298e1d88812d4e893900cb40a"
url = "https://github.com/ajeetdsouza/zoxide/releases/download/v0.9.9/zoxide-0.9.9-aarch64-apple-darwin.tar.gz"

[[tools."aqua:astral-sh/ruff"]]
version = "0.15.14"
backend = "aqua:astral-sh/ruff"

[tools."aqua:astral-sh/ruff"."platforms.macos-arm64"]
checksum = "sha256:953243859467ed3f4f2bc6c11e241cd42a11ed42605b33d971dc2b174772da7d"
url = "https://github.com/astral-sh/ruff/releases/download/0.15.14/ruff-aarch64-apple-darwin.tar.gz"
provenance = "github-attestations"

[[tools."aqua:astral-sh/uv"]]
version = "0.11.16"
backend = "aqua:astral-sh/uv"

[tools."aqua:astral-sh/uv"."platforms.macos-arm64"]
checksum = "sha256:2b25be1af546be330b340b0a76b99f989daa6d92678fdffb87438e661e9d88fb"
url = "https://github.com/astral-sh/uv/releases/download/0.11.16/uv-aarch64-apple-darwin.tar.gz"
provenance = "github-attestations"

[[tools."aqua:atuinsh/atuin"]]
version = "18.16.1"
backend = "aqua:atuinsh/atuin"

[tools."aqua:atuinsh/atuin"."platforms.macos-arm64"]
checksum = "sha256:0a3fdc4cfa18758d6a872950625f2042233df0412a0c10d0dadf30bfc3bc6d6b"
url = "https://github.com/atuinsh/atuin/releases/download/v18.16.1/atuin-aarch64-apple-darwin.tar.gz"
provenance = "github-attestations"

[[tools."aqua:aws/aws-cli"]]
version = "2.34.53"
backend = "aqua:aws/aws-cli"

[tools."aqua:aws/aws-cli"."platforms.macos-arm64"]
url = "https://awscli.amazonaws.com/AWSCLIV2-2.34.53.pkg"

[[tools."aqua:aws/session-manager-plugin"]]
version = "1.2.814.0"
backend = "aqua:aws/session-manager-plugin"

[tools."aqua:aws/session-manager-plugin"."platforms.macos-arm64"]
url = "https://s3.amazonaws.com/session-manager-downloads/plugin/1.2.814.0/mac_arm64/sessionmanager-bundle.zip"

[[tools."aqua:bootandy/dust"]]
version = "1.2.4"
backend = "aqua:bootandy/dust"

[tools."aqua:bootandy/dust"."platforms.macos-arm64"]
checksum = "sha256:bf84d3ff7f58e325d3eb5bb7696df6b22ef1e01fec80c2d8f7c9d3e611be66f4"
url = "https://github.com/bootandy/dust/releases/download/v1.2.4/dust-v1.2.4-x86_64-apple-darwin.tar.gz"

[[tools."aqua:cli/cli"]]
version = "2.92.0"
backend = "aqua:cli/cli"

[tools."aqua:cli/cli"."platforms.macos-arm64"]
checksum = "sha256:b11c54f6bd7d15ed6590475079e5b2fcf36f45d3991a80041b29c9d0cc1f1d07"
url = "https://github.com/cli/cli/releases/download/v2.92.0/gh_2.92.0_macOS_arm64.zip"
provenance = "github-attestations"

[[tools."aqua:crate-ci/typos"]]
version = "1.46.3"
backend = "aqua:crate-ci/typos"

[tools."aqua:crate-ci/typos"."platforms.macos-arm64"]
checksum = "sha256:503d4b0b2035d96fb286b5dc8594bda6a587cc76c1ad1022aa36a2634d42ae4b"
url = "https://github.com/crate-ci/typos/releases/download/v1.46.3/typos-v1.46.3-aarch64-apple-darwin.tar.gz"

[[tools."aqua:dalance/procs"]]
version = "0.14.11"
backend = "aqua:dalance/procs"

[tools."aqua:dalance/procs"."platforms.macos-arm64"]
checksum = "sha256:72e45a61660e1c586afff64b3a8a393fed06f3a133df8e716ade68b00190ea87"
url = "https://github.com/dalance/procs/releases/download/v0.14.11/procs-v0.14.11-x86_64-mac.zip"

[[tools."aqua:dandavison/delta"]]
version = "0.19.2"
backend = "aqua:dandavison/delta"

[tools."aqua:dandavison/delta"."platforms.macos-arm64"]
checksum = "sha256:9be36612a5a13e9e386dc498fb8e50dc87c72ee42b63db0ea05b32f99a72a69a"
url = "https://github.com/dandavison/delta/releases/download/0.19.2/delta-0.19.2-aarch64-apple-darwin.tar.gz"

[[tools."aqua:direnv/direnv"]]
version = "2.37.1"
backend = "aqua:direnv/direnv"

[tools."aqua:direnv/direnv"."platforms.macos-arm64"]
checksum = "sha256:4f569f3a36732bfd8b8fea7bfcc6ad87a59745c109022164d0ca4832451d5369"
url = "https://github.com/direnv/direnv/releases/download/v2.37.1/direnv.darwin-arm64"

[[tools."aqua:docker/buildx"]]
version = "0.34.1"
backend = "aqua:docker/buildx"

[tools."aqua:docker/buildx"."platforms.macos-arm64"]
checksum = "sha256:e5040acdaac1a349de84c0e7a80c861a368e0d141bf7260e1fd9a74b16749477"
url = "https://github.com/docker/buildx/releases/download/v0.34.1/buildx-v0.34.1.darwin-arm64"

[[tools."aqua:docker/cli"]]
version = "29.5.2"
backend = "aqua:docker/cli"

[tools."aqua:docker/cli"."platforms.macos-arm64"]
url = "https://download.docker.com/mac/static/stable/aarch64/docker-29.5.2.tgz"

[[tools."aqua:docker/compose"]]
version = "5.1.4"
backend = "aqua:docker/compose"

[tools."aqua:docker/compose"."platforms.macos-arm64"]
checksum = "sha256:4cad7fc67dd089a598a15598ad38d04e6f23bf299846d26b2c572f1f96a7c49f"
url = "https://github.com/docker/compose/releases/download/v5.1.4/docker-compose-darwin-aarch64"

[[tools."aqua:duckdb/duckdb"]]
version = "1.5.3"
backend = "aqua:duckdb/duckdb"

[tools."aqua:duckdb/duckdb"."platforms.macos-arm64"]
checksum = "sha256:ae799f106aca1bb740b0406448f13ba91558d59197475cb6a0f349db6e17721a"
url = "https://github.com/duckdb/duckdb/releases/download/v1.5.3/duckdb_cli-osx-universal.zip"

[[tools."aqua:evilmartians/lefthook"]]
version = "2.1.9"
backend = "aqua:evilmartians/lefthook"

[tools."aqua:evilmartians/lefthook"."platforms.macos-arm64"]
checksum = "sha256:808f8ef81a61e01eb41c1a2951e5639804f2372dc6a484bbeff726406745c77f"
url = "https://github.com/evilmartians/lefthook/releases/download/v2.1.9/lefthook_2.1.9_MacOS_arm64.gz"
provenance = "github-attestations"

[[tools."aqua:go-task/task"]]
version = "3.51.1"
backend = "aqua:go-task/task"

[tools."aqua:go-task/task"."platforms.macos-arm64"]
checksum = "sha256:a0330f0df20dd1187e323f284a7f365c0ea1f2f271c1e154811e9fc4724bed13"
url = "https://github.com/go-task/task/releases/download/v3.51.1/task_darwin_arm64.tar.gz"

[[tools."aqua:jesseduffield/lazygit"]]
version = "0.61.1"
backend = "aqua:jesseduffield/lazygit"

[tools."aqua:jesseduffield/lazygit"."platforms.macos-arm64"]
checksum = "sha256:cb665faec92d1574d398296869c084d2b9686464a42806558b967bb87cd07bc9"
url = "https://github.com/jesseduffield/lazygit/releases/download/v0.61.1/lazygit_0.61.1_darwin_arm64.tar.gz"

[[tools."aqua:jqlang/jq"]]
version = "1.8.1"
backend = "aqua:jqlang/jq"

[tools."aqua:jqlang/jq"."platforms.macos-arm64"]
checksum = "sha256:a9fe3ea2f86dfc72f6728417521ec9067b343277152b114f4e98d8cb0e263603"
url = "https://github.com/jqlang/jq/releases/download/jq-1.8.1/jq-macos-arm64"
provenance = "github-attestations"

[[tools."aqua:junegunn/fzf"]]
version = "0.73.1"
backend = "aqua:junegunn/fzf"

[tools."aqua:junegunn/fzf"."platforms.macos-arm64"]
checksum = "sha256:d27fd68c04fb9b42f7c73a3f7d38069a74d308e40174f64a072c747213e97286"
url = "https://github.com/junegunn/fzf/releases/download/v0.73.1/fzf-0.73.1-darwin_arm64.tar.gz"

[[tools."aqua:k1LoW/deck"]]
version = "1.23.1"
backend = "aqua:k1LoW/deck"

[tools."aqua:k1LoW/deck"."platforms.macos-arm64"]
checksum = "sha256:fa8b7652bd57e911714f2eef80f62a151f962a8b6a369fa54c298e2ee2860571"
url = "https://github.com/k1LoW/deck/releases/download/v1.23.1/deck_v1.23.1_darwin_arm64.zip"

[[tools."aqua:koalaman/shellcheck"]]
version = "0.11.0"
backend = "aqua:koalaman/shellcheck"

[tools."aqua:koalaman/shellcheck"."platforms.macos-arm64"]
checksum = "sha256:56affdd8de5527894dca6dc3d7e0a99a873b0f004d7aabc30ae407d3f48b0a79"
url = "https://github.com/koalaman/shellcheck/releases/download/v0.11.0/shellcheck-v0.11.0.darwin.aarch64.tar.xz"

[[tools."aqua:lima-vm/lima"]]
version = "2.1.1"
backend = "aqua:lima-vm/lima"

[tools."aqua:lima-vm/lima"."platforms.macos-arm64"]
checksum = "sha256:b6b0e6701189cd8c4e549cc39e6d054dc681487798b9b774ad2cbd30c08b2bd8"
url = "https://github.com/lima-vm/lima/releases/download/v2.1.1/lima-2.1.1-Darwin-arm64.tar.gz"
provenance = "github-attestations"

[[tools."aqua:marp-team/marp-cli"]]
version = "4.4.0"
backend = "aqua:marp-team/marp-cli"

[tools."aqua:marp-team/marp-cli"."platforms.macos-arm64"]
checksum = "sha256:37daa46268aead968c56de520c92e46f50f146dc2627ff57b6a72c9e4cdf1b4f"
url = "https://github.com/marp-team/marp-cli/releases/download/v4.4.0/marp-cli-v4.4.0-mac.tar.gz"

[[tools."aqua:mvdan/sh"]]
version = "3.13.1"
backend = "aqua:mvdan/sh"

[tools."aqua:mvdan/sh"."platforms.macos-arm64"]
checksum = "sha256:9680526be4a66ea1ffe988ed08af58e1400fe1e4f4aef5bd88b20bb9b3da33f8"
url = "https://github.com/mvdan/sh/releases/download/v3.13.1/shfmt_v3.13.1_darwin_arm64"

[[tools."aqua:neovim/neovim"]]
version = "0.12.2"
backend = "aqua:neovim/neovim"

[tools."aqua:neovim/neovim"."platforms.macos-arm64"]
checksum = "sha256:eeddee1009734f9071266e6b1b8a70308cb60cbcc45f5e1c1023adc471450fee"
url = "https://github.com/neovim/neovim/releases/download/v0.12.2/nvim-macos-arm64.tar.gz"

[[tools."aqua:sharkdp/bat"]]
version = "0.26.1"
backend = "aqua:sharkdp/bat"

[tools."aqua:sharkdp/bat"."platforms.macos-arm64"]
checksum = "sha256:e30beff26779c9bf60bb541e1d79046250cb74378f2757f8eb250afddb19e114"
url = "https://github.com/sharkdp/bat/releases/download/v0.26.1/bat-v0.26.1-aarch64-apple-darwin.tar.gz"

[[tools."aqua:sharkdp/fd"]]
version = "10.4.2"
backend = "aqua:sharkdp/fd"

[tools."aqua:sharkdp/fd"."platforms.macos-arm64"]
checksum = "sha256:623dc0afc81b92e4d4606b380d7bc91916ba7b97814263e554d50923a39e480a"
url = "https://github.com/sharkdp/fd/releases/download/v10.4.2/fd-v10.4.2-aarch64-apple-darwin.tar.gz"

[[tools."aqua:spinel-coop/rv"]]
version = "0.5.3"
backend = "aqua:spinel-coop/rv"

[tools."aqua:spinel-coop/rv"."platforms.macos-arm64"]
checksum = "sha256:6c790115817d79d67da8e79810ececb6b0ae700d14060dd7f23c49809e27fbe5"
url = "https://github.com/spinel-coop/rv/releases/download/v0.5.3/rv-aarch64-apple-darwin.tar.xz"
provenance = "github-attestations"

[[tools."aqua:starship/starship"]]
version = "1.25.1"
backend = "aqua:starship/starship"

[tools."aqua:starship/starship"."platforms.macos-arm64"]
checksum = "sha256:1062a2363489b9335529b83204472f02633c08fc3609f1b325be5eba36feb631"
url = "https://github.com/starship/starship/releases/download/v1.25.1/starship-aarch64-apple-darwin.tar.gz"

[[tools."aqua:x-motemen/ghq"]]
version = "1.10.1"
backend = "aqua:x-motemen/ghq"

[tools."aqua:x-motemen/ghq"."platforms.macos-arm64"]
checksum = "sha256:5e3100de0c5a248eebe6ab176ad94d6e12386af70a58c535368a4301861b1398"
url = "https://github.com/x-motemen/ghq/releases/download/v1.10.1/ghq_darwin_arm64.zip"

[[tools."cargo:deadnix"]]
version = "1.3.1"
backend = "cargo:deadnix"

[[tools.claude-code]]
version = "2.1.150"
backend = "aqua:anthropics/claude-code"

[tools.claude-code."platforms.macos-arm64"]
url = "https://storage.googleapis.com/claude-code-dist-86c565f3-f756-42ad-8dfa-d59b1c096819/claude-code-releases/2.1.150/darwin-arm64/claude"

[[tools.codex]]
version = "0.140.0"
backend = "aqua:openai/codex"

[tools.codex."platforms.macos-arm64"]
checksum = "sha256:5e38113f213d0ba1982a04ba2d4f19fa2f1971e3493639b2c61905d764b7548e"
url = "https://github.com/openai/codex/releases/download/rust-v0.140.0/codex-aarch64-apple-darwin.zst"

[[tools.deno]]
version = "2.8.0"
backend = "core:deno"

[tools.deno."platforms.macos-arm64"]
checksum = "sha256:dba813b8b69d6218cffb11252b9e4e6036ca2c9d79843cde367b4b369aaf9634"
url = "https://dl.deno.land/release/v2.8.0/deno-aarch64-apple-darwin.zip"

[[tools.eza]]
version = "0.23.4"
backend = "asdf:eza"

[[tools.gcloud]]
version = "569.0.0"
backend = "vfox:mise-plugins/vfox-gcloud"

[tools.gcloud."platforms.macos-arm64"]
url = "https://storage.googleapis.com/cloud-sdk-release/google-cloud-sdk-569.0.0-darwin-arm.tar.gz"

[[tools."github:k1LoW/mo"]]
version = "1.5.5"
backend = "github:k1LoW/mo"

[tools."github:k1LoW/mo"."platforms.macos-arm64"]
checksum = "sha256:0773d77f52633fcecfc3ce05d04a6fb9a6b7f57b73c7d40929c9209fbb7869f4"
url = "https://github.com/k1LoW/mo/releases/download/v1.5.5/mo_v1.5.5_darwin_arm64.zip"
url_api = "https://api.github.com/repos/k1LoW/mo/releases/assets/418525567"
provenance = "github-attestations"

[[tools."http:antigravity-cli"]]
version = "1.0.3"
backend = "http:antigravity-cli"

[tools."http:antigravity-cli"."platforms.macos-arm64"]
checksum = "sha512:b2c0d21876ae9b6faf6164b15b573d76e379f643e040e77d528ebafa5d5bd8893cc3c8ebd9a78faf67bd7c676dd4bff0f028f3bbb508e544769d61de3da6b8b1"
url = "https://storage.googleapis.com/antigravity-public/antigravity-cli/1.0.3-6260531212976128/darwin-arm/cli_mac_arm64.tar.gz"

[[tools.java]]
version = "temurin-21.0.11+10.0.LTS"
backend = "core:java"

[tools.java."platforms.macos-arm64"]
checksum = "sha256:6ebcf221c9b41507b14c098e93c6ead6440b8d9bd154f8ec666c4c73abbdb201"
url = "https://github.com/adoptium/temurin21-binaries/releases/download/jdk-21.0.11%2B10/OpenJDK21U-jdk_aarch64_mac_hotspot_21.0.11_10.tar.gz"

[[tools."npm:pnpm"]]
version = "11.3.0"
backend = "npm:pnpm"

[[tools.rust]]
version = "1.95.0"
backend = "core:rust"

[[tools."ubi:docker/docker-credential-helpers"]]
version = "0.9.7"
backend = "ubi:docker/docker-credential-helpers[exe=docker-credential-osxkeychain]"

[tools."ubi:docker/docker-credential-helpers".options]
exe = "docker-credential-osxkeychain"
