[[tools.1password-cli]]
version = "2.34.0"
backend = "vfox:1password-cli"
"platforms.macos-arm64" = { url = "https://cache.agilebits.com/dist/1P/op2/pkg/v2.34.0/op_darwin_arm64_v2.34.0.zip"}

[[tools."aqua:BurntSushi/ripgrep"]]
version = "15.1.0"
backend = "aqua:BurntSushi/ripgrep"
"platforms.macos-arm64" = { checksum = "sha256:378e973289176ca0c6054054ee7f631a065874a352bf43f0fa60ef079b6ba715", url = "https://github.com/BurntSushi/ripgrep/releases/download/15.1.0/ripgrep-15.1.0-aarch64-apple-darwin.tar.gz"}

[[tools."aqua:ClementTsang/bottom"]]
version = "0.12.3"
backend = "aqua:ClementTsang/bottom"
"platforms.macos-arm64" = { checksum = "sha256:106e9493d20192d18dbe46d4c99f680d817c796724103ee258567070fcd16429", url = "https://github.com/ClementTsang/bottom/releases/download/0.12.3/bottom_aarch64-apple-darwin.tar.gz"}

[[tools."aqua:abiosoft/colima"]]
version = "0.10.1"
backend = "aqua:abiosoft/colima"
"platforms.macos-arm64" = { checksum = "sha256:cff716570125444d9560e735d8a23ea50e9f70ca722bb9f44ab456c548425ea3", url = "https://github.com/abiosoft/colima/releases/download/v0.10.1/colima-Darwin-arm64"}

[[tools."aqua:ajeetdsouza/zoxide"]]
version = "0.9.9"
backend = "aqua:ajeetdsouza/zoxide"
"platforms.macos-arm64" = { checksum = "sha256:57e733d0436309dae2ed97e46bba43937209395298e1d88812d4e893900cb40a", url = "https://github.com/ajeetdsouza/zoxide/releases/download/v0.9.9/zoxide-0.9.9-aarch64-apple-darwin.tar.gz"}

[[tools."aqua:astral-sh/ruff"]]
version = "0.15.14"
backend = "aqua:astral-sh/ruff"
"platforms.macos-arm64" = { checksum = "sha256:953243859467ed3f4f2bc6c11e241cd42a11ed42605b33d971dc2b174772da7d", url = "https://github.com/astral-sh/ruff/releases/download/0.15.14/ruff-aarch64-apple-darwin.tar.gz"}

[[tools."aqua:astral-sh/uv"]]
version = "0.11.16"
backend = "aqua:astral-sh/uv"
"platforms.macos-arm64" = { checksum = "sha256:2b25be1af546be330b340b0a76b99f989daa6d92678fdffb87438e661e9d88fb", url = "https://github.com/astral-sh/uv/releases/download/0.11.16/uv-aarch64-apple-darwin.tar.gz"}

[[tools."aqua:atuinsh/atuin"]]
version = "18.16.1"
backend = "aqua:atuinsh/atuin"
"platforms.macos-arm64" = { checksum = "sha256:0a3fdc4cfa18758d6a872950625f2042233df0412a0c10d0dadf30bfc3bc6d6b", url = "https://github.com/atuinsh/atuin/releases/download/v18.16.1/atuin-aarch64-apple-darwin.tar.gz"}

[[tools."aqua:aws/aws-cli"]]
version = "2.34.53"
backend = "aqua:aws/aws-cli"
"platforms.macos-arm64" = { url = "https://awscli.amazonaws.com/AWSCLIV2-2.34.53.pkg"}

[[tools."aqua:aws/session-manager-plugin"]]
version = "1.2.814.0"
backend = "aqua:aws/session-manager-plugin"
"platforms.macos-arm64" = { url = "https://s3.amazonaws.com/session-manager-downloads/plugin/1.2.814.0/mac_arm64/sessionmanager-bundle.zip"}

[[tools."aqua:cli/cli"]]
version = "2.92.0"
backend = "aqua:cli/cli"
"platforms.macos-arm64" = { checksum = "sha256:b11c54f6bd7d15ed6590475079e5b2fcf36f45d3991a80041b29c9d0cc1f1d07", url = "https://github.com/cli/cli/releases/download/v2.92.0/gh_2.92.0_macOS_arm64.zip"}

[[tools."aqua:crate-ci/typos"]]
version = "1.46.3"
backend = "aqua:crate-ci/typos"
"platforms.macos-arm64" = { checksum = "sha256:503d4b0b2035d96fb286b5dc8594bda6a587cc76c1ad1022aa36a2634d42ae4b", url = "https://github.com/crate-ci/typos/releases/download/v1.46.3/typos-v1.46.3-aarch64-apple-darwin.tar.gz"}

[[tools."aqua:dandavison/delta"]]
version = "0.19.2"
backend = "aqua:dandavison/delta"
"platforms.macos-arm64" = { checksum = "sha256:9be36612a5a13e9e386dc498fb8e50dc87c72ee42b63db0ea05b32f99a72a69a", url = "https://github.com/dandavison/delta/releases/download/0.19.2/delta-0.19.2-aarch64-apple-darwin.tar.gz"}

[[tools."aqua:direnv/direnv"]]
version = "2.37.1"
backend = "aqua:direnv/direnv"
"platforms.macos-arm64" = { checksum = "sha256:4f569f3a36732bfd8b8fea7bfcc6ad87a59745c109022164d0ca4832451d5369", url = "https://github.com/direnv/direnv/releases/download/v2.37.1/direnv.darwin-arm64"}

[[tools."aqua:docker/buildx"]]
version = "0.34.1"
backend = "aqua:docker/buildx"
"platforms.macos-arm64" = { checksum = "sha256:e5040acdaac1a349de84c0e7a80c861a368e0d141bf7260e1fd9a74b16749477", url = "https://github.com/docker/buildx/releases/download/v0.34.1/buildx-v0.34.1.darwin-arm64"}

[[tools."aqua:docker/cli"]]
version = "29.5.2"
backend = "aqua:docker/cli"
"platforms.macos-arm64" = { url = "https://download.docker.com/mac/static/stable/aarch64/docker-29.5.2.tgz"}

[[tools."aqua:docker/compose"]]
version = "5.1.4"
backend = "aqua:docker/compose"
"platforms.macos-arm64" = { checksum = "sha256:4cad7fc67dd089a598a15598ad38d04e6f23bf299846d26b2c572f1f96a7c49f", url = "https://github.com/docker/compose/releases/download/v5.1.4/docker-compose-darwin-aarch64"}

[[tools."aqua:fujiwara/awslim"]]
version = "0.6.13"
backend = "aqua:fujiwara/awslim"
"platforms.macos-arm64" = { checksum = "sha256:1cc61717f883037f00c1312f6747acb3a0fcb381a60aa9ab3a4bc0eef5ccb838", url = "https://github.com/fujiwara/awslim/releases/download/v0.6.13/awslim_0.6.13_darwin_arm64.tar.gz"}

[[tools."aqua:go-task/task"]]
version = "3.51.1"
backend = "aqua:go-task/task"
"platforms.macos-arm64" = { checksum = "sha256:a0330f0df20dd1187e323f284a7f365c0ea1f2f271c1e154811e9fc4724bed13", url = "https://github.com/go-task/task/releases/download/v3.51.1/task_darwin_arm64.tar.gz"}

[[tools."aqua:jesseduffield/lazygit"]]
version = "0.61.1"
backend = "aqua:jesseduffield/lazygit"
"platforms.macos-arm64" = { checksum = "sha256:cb665faec92d1574d398296869c084d2b9686464a42806558b967bb87cd07bc9", url = "https://github.com/jesseduffield/lazygit/releases/download/v0.61.1/lazygit_0.61.1_darwin_arm64.tar.gz"}

[[tools."aqua:jqlang/jq"]]
version = "1.8.1"
backend = "aqua:jqlang/jq"
"platforms.macos-arm64" = { checksum = "sha256:a9fe3ea2f86dfc72f6728417521ec9067b343277152b114f4e98d8cb0e263603", url = "https://github.com/jqlang/jq/releases/download/jq-1.8.1/jq-macos-arm64"}

[[tools."aqua:junegunn/fzf"]]
version = "0.73.1"
backend = "aqua:junegunn/fzf"
"platforms.macos-arm64" = { checksum = "sha256:d27fd68c04fb9b42f7c73a3f7d38069a74d308e40174f64a072c747213e97286", url = "https://github.com/junegunn/fzf/releases/download/v0.73.1/fzf-0.73.1-darwin_arm64.tar.gz"}

[[tools."aqua:k1LoW/deck"]]
version = "1.23.1"
backend = "aqua:k1LoW/deck"
"platforms.macos-arm64" = { checksum = "sha256:fa8b7652bd57e911714f2eef80f62a151f962a8b6a369fa54c298e2ee2860571", url = "https://github.com/k1LoW/deck/releases/download/v1.23.1/deck_v1.23.1_darwin_arm64.zip"}

[[tools."aqua:koalaman/shellcheck"]]
version = "0.11.0"
backend = "aqua:koalaman/shellcheck"
"platforms.macos-arm64" = { checksum = "sha256:56affdd8de5527894dca6dc3d7e0a99a873b0f004d7aabc30ae407d3f48b0a79", url = "https://github.com/koalaman/shellcheck/releases/download/v0.11.0/shellcheck-v0.11.0.darwin.aarch64.tar.xz"}

[[tools."aqua:lima-vm/lima"]]
version = "2.1.1"
backend = "aqua:lima-vm/lima"
"platforms.macos-arm64" = { checksum = "sha256:b6b0e6701189cd8c4e549cc39e6d054dc681487798b9b774ad2cbd30c08b2bd8", url = "https://github.com/lima-vm/lima/releases/download/v2.1.1/lima-2.1.1-Darwin-arm64.tar.gz"}

[[tools."aqua:marp-team/marp-cli"]]
version = "4.4.0"
backend = "aqua:marp-team/marp-cli"
"platforms.macos-arm64" = { checksum = "sha256:37daa46268aead968c56de520c92e46f50f146dc2627ff57b6a72c9e4cdf1b4f", url = "https://github.com/marp-team/marp-cli/releases/download/v4.4.0/marp-cli-v4.4.0-mac.tar.gz"}

[[tools."aqua:mvdan/sh"]]
version = "3.13.1"
backend = "aqua:mvdan/sh"
"platforms.macos-arm64" = { checksum = "sha256:9680526be4a66ea1ffe988ed08af58e1400fe1e4f4aef5bd88b20bb9b3da33f8", url = "https://github.com/mvdan/sh/releases/download/v3.13.1/shfmt_v3.13.1_darwin_arm64"}

[[tools."aqua:neovim/neovim"]]
version = "0.12.2"
backend = "aqua:neovim/neovim"
"platforms.macos-arm64" = { checksum = "sha256:eeddee1009734f9071266e6b1b8a70308cb60cbcc45f5e1c1023adc471450fee", url = "https://github.com/neovim/neovim/releases/download/v0.12.2/nvim-macos-arm64.tar.gz"}

[[tools."aqua:sharkdp/bat"]]
version = "0.26.1"
backend = "aqua:sharkdp/bat"
"platforms.macos-arm64" = { checksum = "sha256:e30beff26779c9bf60bb541e1d79046250cb74378f2757f8eb250afddb19e114", url = "https://github.com/sharkdp/bat/releases/download/v0.26.1/bat-v0.26.1-aarch64-apple-darwin.tar.gz"}

[[tools."aqua:sharkdp/fd"]]
version = "10.4.2"
backend = "aqua:sharkdp/fd"
"platforms.macos-arm64" = { checksum = "sha256:623dc0afc81b92e4d4606b380d7bc91916ba7b97814263e554d50923a39e480a", url = "https://github.com/sharkdp/fd/releases/download/v10.4.2/fd-v10.4.2-aarch64-apple-darwin.tar.gz"}

[[tools."aqua:starship/starship"]]
version = "1.25.1"
backend = "aqua:starship/starship"
"platforms.macos-arm64" = { checksum = "sha256:1062a2363489b9335529b83204472f02633c08fc3609f1b325be5eba36feb631", url = "https://github.com/starship/starship/releases/download/v1.25.1/starship-aarch64-apple-darwin.tar.gz"}

[[tools."aqua:twpayne/chezmoi"]]
version = "2.70.4"
backend = "aqua:twpayne/chezmoi"
"platforms.macos-arm64" = { checksum = "sha256:0093fa436e9ccccf423323315c0146f6dc77985294bd845cee1f3cf3f63eeb0f", url = "https://github.com/twpayne/chezmoi/releases/download/v2.70.4/chezmoi_2.70.4_darwin_arm64.tar.gz"}

[[tools."aqua:x-motemen/ghq"]]
version = "1.10.1"
backend = "aqua:x-motemen/ghq"
"platforms.macos-arm64" = { checksum = "sha256:5e3100de0c5a248eebe6ab176ad94d6e12386af70a58c535368a4301861b1398", url = "https://github.com/x-motemen/ghq/releases/download/v1.10.1/ghq_darwin_arm64.zip"}

[[tools."cargo:deadnix"]]
version = "1.3.1"
backend = "cargo:deadnix"

[[tools.claude-code]]
version = "2.1.150"
backend = "aqua:anthropics/claude-code"
"platforms.macos-arm64" = { url = "https://storage.googleapis.com/claude-code-dist-86c565f3-f756-42ad-8dfa-d59b1c096819/claude-code-releases/2.1.150/darwin-arm64/claude"}

[[tools.deno]]
version = "2.8.0"
backend = "core:deno"
"platforms.macos-arm64" = { checksum = "sha256:dba813b8b69d6218cffb11252b9e4e6036ca2c9d79843cde367b4b369aaf9634", url = "https://dl.deno.land/release/v2.8.0/deno-aarch64-apple-darwin.zip"}

[[tools.eza]]
version = "0.23.4"
backend = "asdf:eza"

[[tools.gcloud]]
version = "569.0.0"
backend = "vfox:mise-plugins/vfox-gcloud"
"platforms.macos-arm64" = { url = "https://storage.googleapis.com/cloud-sdk-release/google-cloud-sdk-569.0.0-darwin-arm.tar.gz"}

[[tools.java]]
version = "temurin-21.0.11+10.0.LTS"
backend = "core:java"

[[tools."npm:pnpm"]]
version = "11.3.0"
backend = "npm:pnpm"

[[tools.ruby]]
version = "4.0.5"
backend = "core:ruby"
"platforms.macos-arm64" = { checksum = "sha256:7d6149079a63f8ae1d326c9fa65c6019ba2dc3155eae7b39159817911c88958e", url = "https://cache.ruby-lang.org/pub/ruby/4.0/ruby-4.0.5.tar.gz"}

[[tools.rust]]
version = "1.95.0"
backend = "core:rust"

[[tools."ubi:docker/docker-credential-helpers"]]
version = "0.9.7"
backend = "ubi:docker/docker-credential-helpers[exe=docker-credential-osxkeychain]"

[tools."ubi:docker/docker-credential-helpers".options]
exe = "docker-credential-osxkeychain"

[[tools."ubi:sotarok/gw"]]
version = "0.8.2"
backend = "ubi:sotarok/gw"

[[tools."ubi:upamune/airule"]]
version = "0.0.6"
backend = "ubi:upamune/airule"

[[tools."ubi:upamune/airulesync"]]
version = "0.0.6"
backend = "ubi:upamune/airulesync"
